
Microsoft Visual Studio Solution File, Format Version 12.00
Project("{FAE04EC0-301F-11D3-BF4B-00C04F79EFBC}") = "Anticaptcha", "Anticaptcha\Anticaptcha.csproj", "{B1ED8BCA-BDA9-477F-80BD-2CA83BF862DC}"
EndProject
Project("{FAE04EC0-301F-11D3-BF4B-00C04F79EFBC}") = "TestApp", "TestApp\TestApp.csproj", "{BDBB6691-E3AD-43A2-A15E-B727BA8B6691}"
EndProject
Global
	GlobalSection(SolutionConfigurationPlatforms) = preSolution
		Debug|Any CPU = Debug|Any CPU
		Release|Any CPU = Release|Any CPU
	EndGlobalSection
	GlobalSection(ProjectConfigurationPlatforms) = postSolution
		{B1ED8BCA-BDA9-477F-80BD-2CA83BF862DC}.Debug|Any CPU.ActiveCfg = Debug|Any CPU
		{B1ED8BCA-BDA9-477F-80BD-2CA83BF862DC}.Debug|Any CPU.Build.0 = Debug|Any CPU
		{B1ED8BCA-BDA9-477F-80BD-2CA83BF862DC}.Release|Any CPU.ActiveCfg = Release|Any CPU
		{B1ED8BCA-BDA9-477F-80BD-2CA83BF862DC}.Release|Any CPU.Build.0 = Release|Any CPU
		{BDBB6691-E3AD-43A2-A15E-B727BA8B6691}.Debug|Any CPU.ActiveCfg = Debug|Any CPU
		{BDBB6691-E3AD-43A2-A15E-B727BA8B6691}.Debug|Any CPU.Build.0 = Debug|Any CPU
		{BDBB6691-E3AD-43A2-A15E-B727BA8B6691}.Release|Any CPU.ActiveCfg = Release|Any CPU
		{BDBB6691-E3AD-43A2-A15E-B727BA8B6691}.Release|Any CPU.Build.0 = Release|Any CPU
	EndGlobalSection
EndGlobal
